// !$*UTF8*$!
{
	archiveVersion = 1;
	classes = {
	};
	objectVersion = 48;
	objects = {

/* Begin PBXBuildFile section */
		2D22DA071FF4945900A0F54C /* AppDelegate.m in Sources */ = {isa = PBXBuildFile; fileRef = 2D22DA061FF4945900A0F54C /* AppDelegate.m */; };
		2D22DA0A1FF4945900A0F54C /* ViewController.m in Sources */ = {isa = PBXBuildFile; fileRef = 2D22DA091FF4945900A0F54C /* ViewController.m */; };
		2D22DA0D1FF4945900A0F54C /* Main.storyboard in Resources */ = {isa = PBXBuildFile; fileRef = 2D22DA0B1FF4945900A0F54C /* Main.storyboard */; };
		2D22DA0F1FF4945900A0F54C /* Assets.xcassets in Resources */ = {isa = PBXBuildFile; fileRef = 2D22DA0E1FF4945900A0F54C /* Assets.xcassets */; };
		2D22DA121FF4945900A0F54C /* LaunchScreen.storyboard in Resources */ = {isa = PBXBuildFile; fileRef = 2D22DA101FF4945900A0F54C /* LaunchScreen.storyboard */; };
		2D22DA151FF4945900A0F54C /* main.m in Sources */ = {isa = PBXBuildFile; fileRef = 2D22DA141FF4945900A0F54C /* main.m */; };
		2D22DA1F1FF4945A00A0F54C /* CWLibsTests.m in Sources */ = {isa = PBXBuildFile; fileRef = 2D22DA1E1FF4945A00A0F54C /* CWLibsTests.m */; };
/* End PBXBuildFile section */

/* Begin PBXContainerItemProxy section */
		2D22DA1B1FF4945A00A0F54C /* PBXContainerItemProxy */ = {
			isa = PBXContainerItemProxy;
			containerPortal = 2D22D9FA1FF4945900A0F54C /* Project object */;
			proxyType = 1;
			remoteGlobalIDString = 2D22DA011FF4945900A0F54C;
			remoteInfo = CWLibs;
		};
		2D49AA1A1FF7CBE800EB08A8 /* PBXContainerItemProxy */ = {
			isa = PBXContainerItemProxy;
			containerPortal = 2D49AA151FF7CBE800EB08A8 /* CWCommonBiz.xcodeproj */;
			proxyType = 2;
			remoteGlobalIDString = 2D22DB7A1FF4BE2000A0F54C;
			remoteInfo = CWCommonBiz;
		};
		2D49AA1C1FF7CBE800EB08A8 /* PBXContainerItemProxy */ = {
			isa = PBXContainerItemProxy;
			containerPortal = 2D49AA151FF7CBE800EB08A8 /* CWCommonBiz.xcodeproj */;
			proxyType = 2;
			remoteGlobalIDString = 2D22DB831FF4BE2000A0F54C;
			remoteInfo = CWCommonBizTests;
		};
		2D49AA231FF7CBF500EB08A8 /* PBXContainerItemProxy */ = {
			isa = PBXContainerItemProxy;
			containerPortal = 2D49AA1E1FF7CBF500EB08A8 /* CWCommonUI.xcodeproj */;
			proxyType = 2;
			remoteGlobalIDString = 2D22DB9E1FF4BE6B00A0F54C;
			remoteInfo = CWCommonUI;
		};
		2D49AA251FF7CBF500EB08A8 /* PBXContainerItemProxy */ = {
			isa = PBXContainerItemProxy;
			containerPortal = 2D49AA1E1FF7CBF500EB08A8 /* CWCommonUI.xcodeproj */;
			proxyType = 2;
			remoteGlobalIDString = 2D22DBA71FF4BE6B00A0F54C;
			remoteInfo = CWCommonUITests;
		};
		2D49AA2C1FF7CC0000EB08A8 /* PBXContainerItemProxy */ = {
			isa = PBXContainerItemProxy;
			containerPortal = 2D49AA271FF7CC0000EB08A8 /* CWCoreBase.xcodeproj */;
			proxyType = 2;
			remoteGlobalIDString = 2D22DAB01FF4BA7C00A0F54C;
			remoteInfo = CWCoreBase;
		};
		2D49AA2E1FF7CC0000EB08A8 /* PBXContainerItemProxy */ = {
			isa = PBXContainerItemProxy;
			containerPortal = 2D49AA271FF7CC0000EB08A8 /* CWCoreBase.xcodeproj */;
			proxyType = 2;
			remoteGlobalIDString = 2D22DAB91FF4BA7C00A0F54C;
			remoteInfo = CWCoreBaseTests;
		};
		2D49AA351FF7CC0F00EB08A8 /* PBXContainerItemProxy */ = {
			isa = PBXContainerItemProxy;
			containerPortal = 2D49AA301FF7CC0F00EB08A8 /* CWCoreNetwork.xcodeproj */;
			proxyType = 2;
			remoteGlobalIDString = 2D22DB011FF4BB2E00A0F54C;
			remoteInfo = CWCoreNetwork;
		};
		2D49AA371FF7CC0F00EB08A8 /* PBXContainerItemProxy */ = {
			isa = PBXContainerItemProxy;
			containerPortal = 2D49AA301FF7CC0F00EB08A8 /* CWCoreNetwork.xcodeproj */;
			proxyType = 2;
			remoteGlobalIDString = 2D22DB0A1FF4BB2E00A0F54C;
			remoteInfo = CWCoreNetworkTests;
		};
		2D49AA3D1FF7D16A00EB08A8 /* PBXContainerItemProxy */ = {
			isa = PBXContainerItemProxy;
			containerPortal = 2D49AA391FF7D16A00EB08A8 /* CWUtils.xcodeproj */;
			proxyType = 2;
			remoteGlobalIDString = 2D22D9ED1FF492E900A0F54C;
			remoteInfo = CWUtils;
		};
		2D49AA441FF7D17400EB08A8 /* PBXContainerItemProxy */ = {
			isa = PBXContainerItemProxy;
			containerPortal = 2D49AA3F1FF7D17400EB08A8 /* CWVendorsBiz.xcodeproj */;
			proxyType = 2;
			remoteGlobalIDString = 2D22DBF81FF4BF4C00A0F54C;
			remoteInfo = CWVendorsBiz;
		};
		2D49AA461FF7D17400EB08A8 /* PBXContainerItemProxy */ = {
			isa = PBXContainerItemProxy;
			containerPortal = 2D49AA3F1FF7D17400EB08A8 /* CWVendorsBiz.xcodeproj */;
			proxyType = 2;
			remoteGlobalIDString = 2D22DC011FF4BF4D00A0F54C;
			remoteInfo = CWVendorsBizTests;
		};
		2D49AA4D1FF7D18000EB08A8 /* PBXContainerItemProxy */ = {
			isa = PBXContainerItemProxy;
			containerPortal = 2D49AA481FF7D18000EB08A8 /* CWVendorsUI.xcodeproj */;
			proxyType = 2;
			remoteGlobalIDString = 2D22DBD41FF4BF2300A0F54C;
			remoteInfo = CWVendorsUI;
		};
		2D49AA4F1FF7D18000EB08A8 /* PBXContainerItemProxy */ = {
			isa = PBXContainerItemProxy;
			containerPortal = 2D49AA481FF7D18000EB08A8 /* CWVendorsUI.xcodeproj */;
			proxyType = 2;
			remoteGlobalIDString = 2D22DBDD1FF4BF2300A0F54C;
			remoteInfo = CWVendorsUITests;
		};
/* End PBXContainerItemProxy section */

/* Begin PBXFileReference section */
		2D22DA021FF4945900A0F54C /* CWLibs.app */ = {isa = PBXFileReference; explicitFileType = wrapper.application; includeInIndex = 0; path = CWLibs.app; sourceTree = BUILT_PRODUCTS_DIR; };
		2D22DA051FF4945900A0F54C /* AppDelegate.h */ = {isa = PBXFileReference; lastKnownFileType = sourcecode.c.h; path = AppDelegate.h; sourceTree = "<group>"; };
		2D22DA061FF4945900A0F54C /* AppDelegate.m */ = {isa = PBXFileReference; lastKnownFileType = sourcecode.c.objc; path = AppDelegate.m; sourceTree = "<group>"; };
		2D22DA081FF4945900A0F54C /* ViewController.h */ = {isa = PBXFileReference; lastKnownFileType = sourcecode.c.h; path = ViewController.h; sourceTree = "<group>"; };
		2D22DA091FF4945900A0F54C /* ViewController.m */ = {isa = PBXFileReference; lastKnownFileType = sourcecode.c.objc; path = ViewController.m; sourceTree = "<group>"; };
		2D22DA0C1FF4945900A0F54C /* Base */ = {isa = PBXFileReference; lastKnownFileType = file.storyboard; name = Base; path = Base.lproj/Main.storyboard; sourceTree = "<group>"; };
		2D22DA0E1FF4945900A0F54C /* Assets.xcassets */ = {isa = PBXFileReference; lastKnownFileType = folder.assetcatalog; path = Assets.xcassets; sourceTree = "<group>"; };
		2D22DA111FF4945900A0F54C /* Base */ = {isa = PBXFileReference; lastKnownFileType = file.storyboard; name = Base; path = Base.lproj/LaunchScreen.storyboard; sourceTree = "<group>"; };
		2D22DA131FF4945900A0F54C /* Info.plist */ = {isa = PBXFileReference; lastKnownFileType = text.plist.xml; path = Info.plist; sourceTree = "<group>"; };
		2D22DA141FF4945900A0F54C /* main.m */ = {isa = PBXFileReference; lastKnownFileType = sourcecode.c.objc; path = main.m; sourceTree = "<group>"; };
		2D22DA1A1FF4945A00A0F54C /* CWLibsTests.xctest */ = {isa = PBXFileReference; explicitFileType = wrapper.cfbundle; includeInIndex = 0; path = CWLibsTests.xctest; sourceTree = BUILT_PRODUCTS_DIR; };
		2D22DA1E1FF4945A00A0F54C /* CWLibsTests.m */ = {isa = PBXFileReference; lastKnownFileType = sourcecode.c.objc; path = CWLibsTests.m; sourceTree = "<group>"; };
		2D22DA201FF4945A00A0F54C /* Info.plist */ = {isa = PBXFileReference; lastKnownFileType = text.plist.xml; path = Info.plist; sourceTree = "<group>"; };
		2D49AA151FF7CBE800EB08A8 /* CWCommonBiz.xcodeproj */ = {isa = PBXFileReference; lastKnownFileType = "wrapper.pb-project"; name = CWCommonBiz.xcodeproj; path = CWCommonBiz/CWCommonBiz.xcodeproj; sourceTree = "<group>"; };
		2D49AA1E1FF7CBF500EB08A8 /* CWCommonUI.xcodeproj */ = {isa = PBXFileReference; lastKnownFileType = "wrapper.pb-project"; name = CWCommonUI.xcodeproj; path = CWCommonUI/CWCommonUI.xcodeproj; sourceTree = "<group>"; };
		2D49AA271FF7CC0000EB08A8 /* CWCoreBase.xcodeproj */ = {isa = PBXFileReference; lastKnownFileType = "wrapper.pb-project"; name = CWCoreBase.xcodeproj; path = CWCoreBase/CWCoreBase.xcodeproj; sourceTree = "<group>"; };
		2D49AA301FF7CC0F00EB08A8 /* CWCoreNetwork.xcodeproj */ = {isa = PBXFileReference; lastKnownFileType = "wrapper.pb-project"; name = CWCoreNetwork.xcodeproj; path = CWCoreNetwork/CWCoreNetwork.xcodeproj; sourceTree = "<group>"; };
		2D49AA391FF7D16A00EB08A8 /* CWUtils.xcodeproj */ = {isa = PBXFileReference; lastKnownFileType = "wrapper.pb-project"; name = CWUtils.xcodeproj; path = CWUtils/CWUtils.xcodeproj; sourceTree = "<group>"; };
		2D49AA3F1FF7D17400EB08A8 /* CWVendorsBiz.xcodeproj */ = {isa = PBXFileReference; lastKnownFileType = "wrapper.pb-project"; name = CWVendorsBiz.xcodeproj; path = CWVendorsBiz/CWVendorsBiz.xcodeproj; sourceTree = "<group>"; };
		2D49AA481FF7D18000EB08A8 /* CWVendorsUI.xcodeproj */ = {isa = PBXFileReference; lastKnownFileType = "wrapper.pb-project"; name = CWVendorsUI.xcodeproj; path = CWVendorsUI/CWVendorsUI.xcodeproj; sourceTree = "<group>"; };
/* End PBXFileReference section */

/* Begin PBXFrameworksBuildPhase section */
		2D22D9FF1FF4945900A0F54C /* Frameworks */ = {
			isa = PBXFrameworksBuildPhase;
			buildActionMask = 2147483647;
			files = (
			);
			runOnlyForDeploymentPostprocessing = 0;
		};
		2D22DA171FF4945A00A0F54C /* Frameworks */ = {
			isa = PBXFrameworksBuildPhase;
			buildActionMask = 2147483647;
			files = (
			);
			runOnlyForDeploymentPostprocessing = 0;
		};
/* End PBXFrameworksBuildPhase section */

/* Begin PBXGroup section */
		2D22D9F91FF4945900A0F54C = {
			isa = PBXGroup;
			children = (
				2D49AA141FF7CBCD00EB08A8 /* Libs */,
				2D22DA041FF4945900A0F54C /* CWLibs */,
				2D22DA1D1FF4945A00A0F54C /* CWLibsTests */,
				2D22DA031FF4945900A0F54C /* Products */,
				2D22DA371FF4A0C800A0F54C /* Frameworks */,
			);
			sourceTree = "<group>";
		};
		2D22DA031FF4945900A0F54C /* Products */ = {
			isa = PBXGroup;
			children = (
				2D22DA021FF4945900A0F54C /* CWLibs.app */,
				2D22DA1A1FF4945A00A0F54C /* CWLibsTests.xctest */,
			);
			name = Products;
			sourceTree = "<group>";
		};
		2D22DA041FF4945900A0F54C /* CWLibs */ = {
			isa = PBXGroup;
			children = (
				2D22DA051FF4945900A0F54C /* AppDelegate.h */,
				2D22DA061FF4945900A0F54C /* AppDelegate.m */,
				2D22DA081FF4945900A0F54C /* ViewController.h */,
				2D22DA091FF4945900A0F54C /* ViewController.m */,
				2D22DA0B1FF4945900A0F54C /* Main.storyboard */,
				2D22DA0E1FF4945900A0F54C /* Assets.xcassets */,
				2D22DA101FF4945900A0F54C /* LaunchScreen.storyboard */,
				2D22DA131FF4945900A0F54C /* Info.plist */,
				2D22DA141FF4945900A0F54C /* main.m */,
			);
			path = CWLibs;
			sourceTree = "<group>";
		};
		2D22DA1D1FF4945A00A0F54C /* CWLibsTests */ = {
			isa = PBXGroup;
			children = (
				2D22DA1E1FF4945A00A0F54C /* CWLibsTests.m */,
				2D22DA201FF4945A00A0F54C /* Info.plist */,
			);
			path = CWLibsTests;
			sourceTree = "<group>";
		};
		2D22DA371FF4A0C800A0F54C /* Frameworks */ = {
			isa = PBXGroup;
			children = (
			);
			name = Frameworks;
			sourceTree = "<group>";
		};
		2D49AA141FF7CBCD00EB08A8 /* Libs */ = {
			isa = PBXGroup;
			children = (
				2D49AA481FF7D18000EB08A8 /* CWVendorsUI.xcodeproj */,
				2D49AA3F1FF7D17400EB08A8 /* CWVendorsBiz.xcodeproj */,
				2D49AA391FF7D16A00EB08A8 /* CWUtils.xcodeproj */,
				2D49AA301FF7CC0F00EB08A8 /* CWCoreNetwork.xcodeproj */,
				2D49AA271FF7CC0000EB08A8 /* CWCoreBase.xcodeproj */,
				2D49AA1E1FF7CBF500EB08A8 /* CWCommonUI.xcodeproj */,
				2D49AA151FF7CBE800EB08A8 /* CWCommonBiz.xcodeproj */,
			);
			path = Libs;
			sourceTree = "<group>";
		};
		2D49AA161FF7CBE800EB08A8 /* Products */ = {
			isa = PBXGroup;
			children = (
				2D49AA1B1FF7CBE800EB08A8 /* CWCommonBiz.framework */,
				2D49AA1D1FF7CBE800EB08A8 /* CWCommonBizTests.xctest */,
			);
			name = Products;
			sourceTree = "<group>";
		};
		2D49AA1F1FF7CBF500EB08A8 /* Products */ = {
			isa = PBXGroup;
			children = (
				2D49AA241FF7CBF500EB08A8 /* CWCommonUI.framework */,
				2D49AA261FF7CBF500EB08A8 /* CWCommonUITests.xctest */,
			);
			name = Products;
			sourceTree = "<group>";
		};
		2D49AA281FF7CC0000EB08A8 /* Products */ = {
			isa = PBXGroup;
			children = (
				2D49AA2D1FF7CC0000EB08A8 /* CWCoreBase.framework */,
				2D49AA2F1FF7CC0000EB08A8 /* CWCoreBaseTests.xctest */,
			);
			name = Products;
			sourceTree = "<group>";
		};
		2D49AA311FF7CC0F00EB08A8 /* Products */ = {
			isa = PBXGroup;
			children = (
				2D49AA361FF7CC0F00EB08A8 /* CWCoreNetwork.framework */,
				2D49AA381FF7CC0F00EB08A8 /* CWCoreNetworkTests.xctest */,
			);
			name = Products;
			sourceTree = "<group>";
		};
		2D49AA3A1FF7D16A00EB08A8 /* Products */ = {
			isa = PBXGroup;
			children = (
				2D49AA3E1FF7D16A00EB08A8 /* libCWUtils.a */,
			);
			name = Products;
			sourceTree = "<group>";
		};
		2D49AA401FF7D17400EB08A8 /* Products */ = {
			isa = PBXGroup;
			children = (
				2D49AA451FF7D17400EB08A8 /* CWVendorsBiz.framework */,
				2D49AA471FF7D17400EB08A8 /* CWVendorsBizTests.xctest */,
			);
			name = Products;
			sourceTree = "<group>";
		};
		2D49AA491FF7D18000EB08A8 /* Products */ = {
			isa = PBXGroup;
			children = (
				2D49AA4E1FF7D18000EB08A8 /* CWVendorsUI.framework */,
				2D49AA501FF7D18000EB08A8 /* CWVendorsUITests.xctest */,
			);
			name = Products;
			sourceTree = "<group>";
		};
/* End PBXGroup section */

/* Begin PBXNativeTarget section */
		2D22DA011FF4945900A0F54C /* CWLibs */ = {
			isa = PBXNativeTarget;
			buildConfigurationList = 2D22DA231FF4945A00A0F54C /* Build configuration list for PBXNativeTarget "CWLibs" */;
			buildPhases = (
				2D22D9FE1FF4945900A0F54C /* Sources */,
				2D22D9FF1FF4945900A0F54C /* Frameworks */,
				2D22DA001FF4945900A0F54C /* Resources */,
			);
			buildRules = (
			);
			dependencies = (
			);
			name = CWLibs;
			productName = CWLibs;
			productReference = 2D22DA021FF4945900A0F54C /* CWLibs.app */;
			productType = "com.apple.product-type.application";
		};
		2D22DA191FF4945A00A0F54C /* CWLibsTests */ = {
			isa = PBXNativeTarget;
			buildConfigurationList = 2D22DA261FF4945A00A0F54C /* Build configuration list for PBXNativeTarget "CWLibsTests" */;
			buildPhases = (
				2D22DA161FF4945A00A0F54C /* Sources */,
				2D22DA171FF4945A00A0F54C /* Frameworks */,
				2D22DA181FF4945A00A0F54C /* Resources */,
			);
			buildRules = (
			);
			dependencies = (
				2D22DA1C1FF4945A00A0F54C /* PBXTargetDependency */,
			);
			name = CWLibsTests;
			productName = CWLibsTests;
			productReference = 2D22DA1A1FF4945A00A0F54C /* CWLibsTests.xctest */;
			productType = "com.apple.product-type.bundle.unit-test";
		};
/* End PBXNativeTarget section */

/* Begin PBXProject section */
		2D22D9FA1FF4945900A0F54C /* Project object */ = {
			isa = PBXProject;
			attributes = {
				LastUpgradeCheck = 0910;
				ORGANIZATIONNAME = wangcw;
				TargetAttributes = {
					2D22DA011FF4945900A0F54C = {
						CreatedOnToolsVersion = 9.1;
						ProvisioningStyle = Automatic;
					};
					2D22DA191FF4945A00A0F54C = {
						CreatedOnToolsVersion = 9.1;
						ProvisioningStyle = Automatic;
						TestTargetID = 2D22DA011FF4945900A0F54C;
					};
				};
			};
			buildConfigurationList = 2D22D9FD1FF4945900A0F54C /* Build configuration list for PBXProject "CWLibs" */;
			compatibilityVersion = "Xcode 8.0";
			developmentRegion = en;
			hasScannedForEncodings = 0;
			knownRegions = (
				en,
				Base,
			);
			mainGroup = 2D22D9F91FF4945900A0F54C;
			productRefGroup = 2D22DA031FF4945900A0F54C /* Products */;
			projectDirPath = "";
			projectReferences = (
				{
					ProductGroup = 2D49AA161FF7CBE800EB08A8 /* Products */;
					ProjectRef = 2D49AA151FF7CBE800EB08A8 /* CWCommonBiz.xcodeproj */;
				},
				{
					ProductGroup = 2D49AA1F1FF7CBF500EB08A8 /* Products */;
					ProjectRef = 2D49AA1E1FF7CBF500EB08A8 /* CWCommonUI.xcodeproj */;
				},
				{
					ProductGroup = 2D49AA281FF7CC0000EB08A8 /* Products */;
					ProjectRef = 2D49AA271FF7CC0000EB08A8 /* CWCoreBase.xcodeproj */;
				},
				{
					ProductGroup = 2D49AA311FF7CC0F00EB08A8 /* Products */;
					ProjectRef = 2D49AA301FF7CC0F00EB08A8 /* CWCoreNetwork.xcodeproj */;
				},
				{
					ProductGroup = 2D49AA3A1FF7D16A00EB08A8 /* Products */;
					ProjectRef = 2D49AA391FF7D16A00EB08A8 /* CWUtils.xcodeproj */;
				},
				{
					ProductGroup = 2D49AA401FF7D17400EB08A8 /* Products */;
					ProjectRef = 2D49AA3F1FF7D17400EB08A8 /* CWVendorsBiz.xcodeproj */;
				},
				{
					ProductGroup = 2D49AA491FF7D18000EB08A8 /* Products */;
					ProjectRef = 2D49AA481FF7D18000EB08A8 /* CWVendorsUI.xcodeproj */;
				},
			);
			projectRoot = "";
			targets = (
				2D22DA011FF4945900A0F54C /* CWLibs */,
				2D22DA191FF4945A00A0F54C /* CWLibsTests */,
			);
		};
/* End PBXProject section */

/* Begin PBXReferenceProxy section */
		2D49AA1B1FF7CBE800EB08A8 /* CWCommonBiz.framework */ = {
			isa = PBXReferenceProxy;
			fileType = wrapper.framework;
			path = CWCommonBiz.framework;
			remoteRef = 2D49AA1A1FF7CBE800EB08A8 /* PBXContainerItemProxy */;
			sourceTree = BUILT_PRODUCTS_DIR;
		};
		2D49AA1D1FF7CBE800EB08A8 /* CWCommonBizTests.xctest */ = {
			isa = PBXReferenceProxy;
			fileType = wrapper.cfbundle;
			path = CWCommonBizTests.xctest;
			remoteRef = 2D49AA1C1FF7CBE800EB08A8 /* PBXContainerItemProxy */;
			sourceTree = BUILT_PRODUCTS_DIR;
		};
		2D49AA241FF7CBF500EB08A8 /* CWCommonUI.framework */ = {
			isa = PBXReferenceProxy;
			fileType = wrapper.framework;
			path = CWCommonUI.framework;
			remoteRef = 2D49AA231FF7CBF500EB08A8 /* PBXContainerItemProxy */;
			sourceTree = BUILT_PRODUCTS_DIR;
		};
		2D49AA261FF7CBF500EB08A8 /* CWCommonUITests.xctest */ = {
			isa = PBXReferenceProxy;
			fileType = wrapper.cfbundle;
			path = CWCommonUITests.xctest;
			remoteRef = 2D49AA251FF7CBF500EB08A8 /* PBXContainerItemProxy */;
			sourceTree = BUILT_PRODUCTS_DIR;
		};
		2D49AA2D1FF7CC0000EB08A8 /* CWCoreBase.framework */ = {
			isa = PBXReferenceProxy;
			fileType = wrapper.framework;
			path = CWCoreBase.framework;
			remoteRef = 2D49AA2C1FF7CC0000EB08A8 /* PBXContainerItemProxy */;
			sourceTree = BUILT_PRODUCTS_DIR;
		};
		2D49AA2F1FF7CC0000EB08A8 /* CWCoreBaseTests.xctest */ = {
			isa = PBXReferenceProxy;
			fileType = wrapper.cfbundle;
			path = CWCoreBaseTests.xctest;
			remoteRef = 2D49AA2E1FF7CC0000EB08A8 /* PBXContainerItemProxy */;
			sourceTree = BUILT_PRODUCTS_DIR;
		};
		2D49AA361FF7CC0F00EB08A8 /* CWCoreNetwork.framework */ = {
			isa = PBXReferenceProxy;
			fileType = wrapper.framework;
			path = CWCoreNetwork.framework;
			remoteRef = 2D49AA351FF7CC0F00EB08A8 /* PBXContainerItemProxy */;
			sourceTree = BUILT_PRODUCTS_DIR;
		};
		2D49AA381FF7CC0F00EB08A8 /* CWCoreNetworkTests.xctest */ = {
			isa = PBXReferenceProxy;
			fileType = wrapper.cfbundle;
			path = CWCoreNetworkTests.xctest;
			remoteRef = 2D49AA371FF7CC0F00EB08A8 /* PBXContainerItemProxy */;
			sourceTree = BUILT_PRODUCTS_DIR;
		};
		2D49AA3E1FF7D16A00EB08A8 /* libCWUtils.a */ = {
			isa = PBXReferenceProxy;
			fileType = archive.ar;
			path = libCWUtils.a;
			remoteRef = 2D49AA3D1FF7D16A00EB08A8 /* PBXContainerItemProxy */;
			sourceTree = BUILT_PRODUCTS_DIR;
		};
		2D49AA451FF7D17400EB08A8 /* CWVendorsBiz.framework */ = {
			isa = PBXReferenceProxy;
			fileType = wrapper.framework;
			path = CWVendorsBiz.framework;
			remoteRef = 2D49AA441FF7D17400EB08A8 /* PBXContainerItemProxy */;
			sourceTree = BUILT_PRODUCTS_DIR;
		};
		2D49AA471FF7D17400EB08A8 /* CWVendorsBizTests.xctest */ = {
			isa = PBXReferenceProxy;
			fileType = wrapper.cfbundle;
			path = CWVendorsBizTests.xctest;
			remoteRef = 2D49AA461FF7D17400EB08A8 /* PBXContainerItemProxy */;
			sourceTree = BUILT_PRODUCTS_DIR;
		};
		2D49AA4E1FF7D18000EB08A8 /* CWVendorsUI.framework */ = {
			isa = PBXReferenceProxy;
			fileType = wrapper.framework;
			path = CWVendorsUI.framework;
			remoteRef = 2D49AA4D1FF7D18000EB08A8 /* PBXContainerItemProxy */;
			sourceTree = BUILT_PRODUCTS_DIR;
		};
		2D49AA501FF7D18000EB08A8 /* CWVendorsUITests.xctest */ = {
			isa = PBXReferenceProxy;
			fileType = wrapper.cfbundle;
			path = CWVendorsUITests.xctest;
			remoteRef = 2D49AA4F1FF7D18000EB08A8 /* PBXContainerItemProxy */;
			sourceTree = BUILT_PRODUCTS_DIR;
		};
/* End PBXReferenceProxy section */

/* Begin PBXResourcesBuildPhase section */
		2D22DA001FF4945900A0F54C /* Resources */ = {
			isa = PBXResourcesBuildPhase;
			buildActionMask = 2147483647;
			files = (
				2D22DA121FF4945900A0F54C /* LaunchScreen.storyboard in Resources */,
				2D22DA0F1FF4945900A0F54C /* Assets.xcassets in Resources */,
				2D22DA0D1FF4945900A0F54C /* Main.storyboard in Resources */,
			);
			runOnlyForDeploymentPostprocessing = 0;
		};
		2D22DA181FF4945A00A0F54C /* Resources */ = {
			isa = PBXResourcesBuildPhase;
			buildActionMask = 2147483647;
			files = (
			);
			runOnlyForDeploymentPostprocessing = 0;
		};
/* End PBXResourcesBuildPhase section */

/* Begin PBXSourcesBuildPhase section */
		2D22D9FE1FF4945900A0F54C /* Sources */ = {
			isa = PBXSourcesBuildPhase;
			buildActionMask = 2147483647;
			files = (
				2D22DA0A1FF4945900A0F54C /* ViewController.m in Sources */,
				2D22DA151FF4945900A0F54C /* main.m in Sources */,
				2D22DA071FF4945900A0F54C /* AppDelegate.m in Sources */,
			);
			runOnlyForDeploymentPostprocessing = 0;
		};
		2D22DA161FF4945A00A0F54C /* Sources */ = {
			isa = PBXSourcesBuildPhase;
			buildActionMask = 2147483647;
			files = (
				2D22DA1F1FF4945A00A0F54C /* CWLibsTests.m in Sources */,
			);
			runOnlyForDeploymentPostprocessing = 0;
		};
/* End PBXSourcesBuildPhase section */

/* Begin PBXTargetDependency section */
		2D22DA1C1FF4945A00A0F54C /* PBXTargetDependency */ = {
			isa = PBXTargetDependency;
			target = 2D22DA011FF4945900A0F54C /* CWLibs */;
			targetProxy = 2D22DA1B1FF4945A00A0F54C /* PBXContainerItemProxy */;
		};
/* End PBXTargetDependency section */

/* Begin PBXVariantGroup section */
		2D22DA0B1FF4945900A0F54C /* Main.storyboard */ = {
			isa = PBXVariantGroup;
			children = (
				2D22DA0C1FF4945900A0F54C /* Base */,
			);
			name = Main.storyboard;
			sourceTree = "<group>";
		};
		2D22DA101FF4945900A0F54C /* LaunchScreen.storyboard */ = {
			isa = PBXVariantGroup;
			children = (
				2D22DA111FF4945900A0F54C /* Base */,
			);
			name = LaunchScreen.storyboard;
			sourceTree = "<group>";
		};
/* End PBXVariantGroup section */

/* Begin XCBuildConfiguration section */
		2D22DA211FF4945A00A0F54C /* Debug */ = {
			isa = XCBuildConfiguration;
			buildSettings = {
				ALWAYS_SEARCH_USER_PATHS = NO;
				CLANG_ANALYZER_NONNULL = YES;
				CLANG_ANALYZER_NUMBER_OBJECT_CONVERSION = YES_AGGRESSIVE;
				CLANG_CXX_LANGUAGE_STANDARD = "gnu++14";
				CLANG_CXX_LIBRARY = "libc++";
				CLANG_ENABLE_MODULES = YES;
				CLANG_ENABLE_OBJC_ARC = YES;
				CLANG_WARN_BLOCK_CAPTURE_AUTORELEASING = YES;
				CLANG_WARN_BOOL_CONVERSION = YES;
				CLANG_WARN_COMMA = YES;
				CLANG_WARN_CONSTANT_CONVERSION = YES;
				CLANG_WARN_DIRECT_OBJC_ISA_USAGE = YES_ERROR;
				CLANG_WARN_DOCUMENTATION_COMMENTS = YES;
				CLANG_WARN_EMPTY_BODY = YES;
				CLANG_WARN_ENUM_CONVERSION = YES;
				CLANG_WARN_INFINITE_RECURSION = YES;
				CLANG_WARN_INT_CONVERSION = YES;
				CLANG_WARN_NON_LITERAL_NULL_CONVERSION = YES;
				CLANG_WARN_OBJC_LITERAL_CONVERSION = YES;
				CLANG_WARN_OBJC_ROOT_CLASS = YES_ERROR;
				CLANG_WARN_RANGE_LOOP_ANALYSIS = YES;
				CLANG_WARN_STRICT_PROTOTYPES = YES;
				CLANG_WARN_SUSPICIOUS_MOVE = YES;
				CLANG_WARN_UNGUARDED_AVAILABILITY = YES_AGGRESSIVE;
				CLANG_WARN_UNREACHABLE_CODE = YES;
				CLANG_WARN__DUPLICATE_METHOD_MATCH = YES;
				CODE_SIGN_IDENTITY = "iPhone Developer";
				COPY_PHASE_STRIP = NO;
				DEBUG_INFORMATION_FORMAT = dwarf;
				ENABLE_STRICT_OBJC_MSGSEND = YES;
				ENABLE_TESTABILITY = YES;
				GCC_C_LANGUAGE_STANDARD = gnu11;
				GCC_DYNAMIC_NO_PIC = NO;
				GCC_NO_COMMON_BLOCKS = YES;
				GCC_OPTIMIZATION_LEVEL = 0;
				GCC_PREPROCESSOR_DEFINITIONS = (
					"DEBUG=1",
					"$(inherited)",
				);
				GCC_WARN_64_TO_32_BIT_CONVERSION = YES;
				GCC_WARN_ABOUT_RETURN_TYPE = YES_ERROR;
				GCC_WARN_UNDECLARED_SELECTOR = YES;
				GCC_WARN_UNINITIALIZED_AUTOS = YES_AGGRESSIVE;
				GCC_WARN_UNUSED_FUNCTION = YES;
				GCC_WARN_UNUSED_VARIABLE = YES;
				IPHONEOS_DEPLOYMENT_TARGET = 11.1;
				MTL_ENABLE_DEBUG_INFO = YES;
				ONLY_ACTIVE_ARCH = YES;
				SDKROOT = iphoneos;
			};
			name = Debug;
		};
		2D22DA221FF4945A00A0F54C /* Release */ = {
			isa = XCBuildConfiguration;
			buildSettings = {
				ALWAYS_SEARCH_USER_PATHS = NO;
				CLANG_ANALYZER_NONNULL = YES;
				CLANG_ANALYZER_NUMBER_OBJECT_CONVERSION = YES_AGGRESSIVE;
				CLANG_CXX_LANGUAGE_STANDARD = "gnu++14";
				CLANG_CXX_LIBRARY = "libc++";
				CLANG_ENABLE_MODULES = YES;
				CLANG_ENABLE_OBJC_ARC = YES;
				CLANG_WARN_BLOCK_CAPTURE_AUTORELEASING = YES;
				CLANG_WARN_BOOL_CONVERSION = YES;
				CLANG_WARN_COMMA = YES;
				CLANG_WARN_CONSTANT_CONVERSION = YES;
				CLANG_WARN_DIRECT_OBJC_ISA_USAGE = YES_ERROR;
				CLANG_WARN_DOCUMENTATION_COMMENTS = YES;
				CLANG_WARN_EMPTY_BODY = YES;
				CLANG_WARN_ENUM_CONVERSION = YES;
				CLANG_WARN_INFINITE_RECURSION = YES;
				CLANG_WARN_INT_CONVERSION = YES;
				CLANG_WARN_NON_LITERAL_NULL_CONVERSION = YES;
				CLANG_WARN_OBJC_LITERAL_CONVERSION = YES;
				CLANG_WARN_OBJC_ROOT_CLASS = YES_ERROR;
				CLANG_WARN_RANGE_LOOP_ANALYSIS = YES;
				CLANG_WARN_STRICT_PROTOTYPES = YES;
				CLANG_WARN_SUSPICIOUS_MOVE = YES;
				CLANG_WARN_UNGUARDED_AVAILABILITY = YES_AGGRESSIVE;
				CLANG_WARN_UNREACHABLE_CODE = YES;
				CLANG_WARN__DUPLICATE_METHOD_MATCH = YES;
				CODE_SIGN_IDENTITY = "iPhone Developer";
				COPY_PHASE_STRIP = NO;
				DEBUG_INFORMATION_FORMAT = "dwarf-with-dsym";
				ENABLE_NS_ASSERTIONS = NO;
				ENABLE_STRICT_OBJC_MSGSEND = YES;
				GCC_C_LANGUAGE_STANDARD = gnu11;
				GCC_NO_COMMON_BLOCKS = YES;
				GCC_WARN_64_TO_32_BIT_CONVERSION = YES;
				GCC_WARN_ABOUT_RETURN_TYPE = YES_ERROR;
				GCC_WARN_UNDECLARED_SELECTOR = YES;
				GCC_WARN_UNINITIALIZED_AUTOS = YES_AGGRESSIVE;
				GCC_WARN_UNUSED_FUNCTION = YES;
				GCC_WARN_UNUSED_VARIABLE = YES;
				IPHONEOS_DEPLOYMENT_TARGET = 11.1;
				MTL_ENABLE_DEBUG_INFO = NO;
				SDKROOT = iphoneos;
				VALIDATE_PRODUCT = YES;
			};
			name = Release;
		};
		2D22DA241FF4945A00A0F54C /* Debug */ = {
			isa = XCBuildConfiguration;
			buildSettings = {
				ASSETCATALOG_COMPILER_APPICON_NAME = AppIcon;
				CODE_SIGN_STYLE = Automatic;
				INFOPLIST_FILE = CWLibs/Info.plist;
				LD_RUNPATH_SEARCH_PATHS = "$(inherited) @executable_path/Frameworks";
				PRODUCT_BUNDLE_IDENTIFIER = com.wcw.CWLibs;
				PRODUCT_NAME = "$(TARGET_NAME)";
				TARGETED_DEVICE_FAMILY = "1,2";
			};
			name = Debug;
		};
		2D22DA251FF4945A00A0F54C /* Release */ = {
			isa = XCBuildConfiguration;
			buildSettings = {
				ASSETCATALOG_COMPILER_APPICON_NAME = AppIcon;
				CODE_SIGN_STYLE = Automatic;
				INFOPLIST_FILE = CWLibs/Info.plist;
				LD_RUNPATH_SEARCH_PATHS = "$(inherited) @executable_path/Frameworks";
				PRODUCT_BUNDLE_IDENTIFIER = com.wcw.CWLibs;
				PRODUCT_NAME = "$(TARGET_NAME)";
				TARGETED_DEVICE_FAMILY = "1,2";
			};
			name = Release;
		};
		2D22DA271FF4945A00A0F54C /* Debug */ = {
			isa = XCBuildConfiguration;
			buildSettings = {
				BUNDLE_LOADER = "$(TEST_HOST)";
				CODE_SIGN_STYLE = Automatic;
				INFOPLIST_FILE = CWLibsTests/Info.plist;
				LD_RUNPATH_SEARCH_PATHS = "$(inherited) @executable_path/Frameworks @loader_path/Frameworks";
				PRODUCT_BUNDLE_IDENTIFIER = com.wcw.CWLibsTests;
				PRODUCT_NAME = "$(TARGET_NAME)";
				TARGETED_DEVICE_FAMILY = "1,2";
				TEST_HOST = "$(BUILT_PRODUCTS_DIR)/CWLibs.app/CWLibs";
			};
			name = Debug;
		};
		2D22DA281FF4945A00A0F54C /* Release */ = {
			isa = XCBuildConfiguration;
			buildSettings = {
				BUNDLE_LOADER = "$(TEST_HOST)";
				CODE_SIGN_STYLE = Automatic;
				INFOPLIST_FILE = CWLibsTests/Info.plist;
				LD_RUNPATH_SEARCH_PATHS = "$(inherited) @executable_path/Frameworks @loader_path/Frameworks";
				PRODUCT_BUNDLE_IDENTIFIER = com.wcw.CWLibsTests;
				PRODUCT_NAME = "$(TARGET_NAME)";
				TARGETED_DEVICE_FAMILY = "1,2";
				TEST_HOST = "$(BUILT_PRODUCTS_DIR)/CWLibs.app/CWLibs";
			};
			name = Release;
		};
/* End XCBuildConfiguration section */

/* Begin XCConfigurationList section */
		2D22D9FD1FF4945900A0F54C /* Build configuration list for PBXProject "CWLibs" */ = {
			isa = XCConfigurationList;
			buildConfigurations = (
				2D22DA211FF4945A00A0F54C /* Debug */,
				2D22DA221FF4945A00A0F54C /* Release */,
			);
			defaultConfigurationIsVisible = 0;
			defaultConfigurationName = Release;
		};
		2D22DA231FF4945A00A0F54C /* Build configuration list for PBXNativeTarget "CWLibs" */ = {
			isa = XCConfigurationList;
			buildConfigurations = (
				2D22DA241FF4945A00A0F54C /* Debug */,
				2D22DA251FF4945A00A0F54C /* Release */,
			);
			defaultConfigurationIsVisible = 0;
			defaultConfigurationName = Release;
		};
		2D22DA261FF4945A00A0F54C /* Build configuration list for PBXNativeTarget "CWLibsTests" */ = {
			isa = XCConfigurationList;
			buildConfigurations = (
				2D22DA271FF4945A00A0F54C /* Debug */,
				2D22DA281FF4945A00A0F54C /* Release */,
			);
			defaultConfigurationIsVisible = 0;
			defaultConfigurationName = Release;
		};
/* End XCConfigurationList section */
	};
	rootObject = 2D22D9FA1FF4945900A0F54C /* Project object */;
}
